
Microsoft Visual Studio Solution File, Format Version 12.00
# Visual Studio 15
VisualStudioVersion = 15.0.27130.2020
MinimumVisualStudioVersion = 10.0.40219.1
Project("{FAE04EC0-301F-11D3-BF4B-00C04F79EFBC}") = "ProvaPrimeiroBim", "ProvaPrimeiroBim\ProvaPrimeiroBim.csproj", "{F82EC6E1-48D2-40D1-8858-6252C3A32FC3}"
EndProject
Global
	GlobalSection(SolutionConfigurationPlatforms) = preSolution
		Debug|Any CPU = Debug|Any CPU
		Release|Any CPU = Release|Any CPU
	EndGlobalSection
	GlobalSection(ProjectConfigurationPlatforms) = postSolution
		{F82EC6E1-48D2-40D1-8858-6252C3A32FC3}.Debug|Any CPU.ActiveCfg = Debug|Any CPU
		{F82EC6E1-48D2-40D1-8858-6252C3A32FC3}.Debug|Any CPU.Build.0 = Debug|Any CPU
		{F82EC6E1-48D2-40D1-8858-6252C3A32FC3}.Release|Any CPU.ActiveCfg = Release|Any CPU
		{F82EC6E1-48D2-40D1-8858-6252C3A32FC3}.Release|Any CPU.Build.0 = Release|Any CPU
	EndGlobalSection
	GlobalSection(SolutionProperties) = preSolution
		HideSolutionNode = FALSE
	EndGlobalSection
	GlobalSection(ExtensibilityGlobals) = postSolution
		SolutionGuid = {439B0966-5DDC-45CD-8C04-F09147CCF8C6}
	EndGlobalSection
EndGlobal
